// !$*UTF8*$!
{
	archiveVersion = 1;
	classes = {
	};
	objectVersion = 46;
	objects = {

/* Begin PBXBuildFile section */
		402E81CD1CFC9AE5008A4837 /* AppDelegate.swift in Sources */ = {isa = PBXBuildFile; fileRef = 402E81CC1CFC9AE5008A4837 /* AppDelegate.swift */; };
		402E81CF1CFC9AE5008A4837 /* MasterViewController.swift in Sources */ = {isa = PBXBuildFile; fileRef = 402E81CE1CFC9AE5008A4837 /* MasterViewController.swift */; };
		402E81D11CFC9AE5008A4837 /* DetailViewController.swift in Sources */ = {isa = PBXBuildFile; fileRef = 402E81D01CFC9AE5008A4837 /* DetailViewController.swift */; };
		402E81D41CFC9AE6008A4837 /* Main.storyboard in Resources */ = {isa = PBXBuildFile; fileRef = 402E81D21CFC9AE6008A4837 /* Main.storyboard */; };
		402E81D61CFC9AE6008A4837 /* Assets.xcassets in Resources */ = {isa = PBXBuildFile; fileRef = 402E81D51CFC9AE6008A4837 /* Assets.xcassets */; };
		402E81D91CFC9AE6008A4837 /* LaunchScreen.storyboard in Resources */ = {isa = PBXBuildFile; fileRef = 402E81D71CFC9AE6008A4837 /* LaunchScreen.storyboard */; };
		402E81E41CFC9AE6008A4837 /* swiftPracticeTests.swift in Sources */ = {isa = PBXBuildFile; fileRef = 402E81E31CFC9AE6008A4837 /* swiftPracticeTests.swift */; };
		402E81EF1CFC9AE6008A4837 /* swiftPracticeUITests.swift in Sources */ = {isa = PBXBuildFile; fileRef = 402E81EE1CFC9AE6008A4837 /* swiftPracticeUITests.swift */; };
/* End PBXBuildFile section */

/* Begin PBXContainerItemProxy section */
		402E81E01CFC9AE6008A4837 /* PBXContainerItemProxy */ = {
			isa = PBXContainerItemProxy;
			containerPortal = 402E81C11CFC9AE5008A4837 /* Project object */;
			proxyType = 1;
			remoteGlobalIDString = 402E81C81CFC9AE5008A4837;
			remoteInfo = swiftPractice;
		};
		402E81EB1CFC9AE6008A4837 /* PBXContainerItemProxy */ = {
			isa = PBXContainerItemProxy;
			containerPortal = 402E81C11CFC9AE5008A4837 /* Project object */;
			proxyType = 1;
			remoteGlobalIDString = 402E81C81CFC9AE5008A4837;
			remoteInfo = swiftPractice;
		};
/* End PBXContainerItemProxy section */

/* Begin PBXFileReference section */
		402E81C91CFC9AE5008A4837 /* swiftPractice.app */ = {isa = PBXFileReference; explicitFileType = wrapper.application; includeInIndex = 0; path = swiftPractice.app; sourceTree = BUILT_PRODUCTS_DIR; };
		402E81CC1CFC9AE5008A4837 /* AppDelegate.swift */ = {isa = PBXFileReference; lastKnownFileType = sourcecode.swift; path = AppDelegate.swift; sourceTree = "<group>"; };
		402E81CE1CFC9AE5008A4837 /* MasterViewController.swift */ = {isa = PBXFileReference; lastKnownFileType = sourcecode.swift; path = MasterViewController.swift; sourceTree = "<group>"; };
		402E81D01CFC9AE5008A4837 /* DetailViewController.swift */ = {isa = PBXFileReference; lastKnownFileType = sourcecode.swift; path = DetailViewController.swift; sourceTree = "<group>"; };
		402E81D31CFC9AE6008A4837 /* Base */ = {isa = PBXFileReference; lastKnownFileType = file.storyboard; name = Base; path = Base.lproj/Main.storyboard; sourceTree = "<group>"; };
		402E81D51CFC9AE6008A4837 /* Assets.xcassets */ = {isa = PBXFileReference; lastKnownFileType = folder.assetcatalog; path = Assets.xcassets; sourceTree = "<group>"; };
		402E81D81CFC9AE6008A4837 /* Base */ = {isa = PBXFileReference; lastKnownFileType = file.storyboard; name = Base; path = Base.lproj/LaunchScreen.storyboard; sourceTree = "<group>"; };
		402E81DA1CFC9AE6008A4837 /* Info.plist */ = {isa = PBXFileReference; lastKnownFileType = text.plist.xml; path = Info.plist; sourceTree = "<group>"; };
		402E81DF1CFC9AE6008A4837 /* swiftPracticeTests.xctest */ = {isa = PBXFileReference; explicitFileType = wrapper.cfbundle; includeInIndex = 0; path = swiftPracticeTests.xctest; sourceTree = BUILT_PRODUCTS_DIR; };
		402E81E31CFC9AE6008A4837 /* swiftPracticeTests.swift */ = {isa = PBXFileReference; lastKnownFileType = sourcecode.swift; path = swiftPracticeTests.swift; sourceTree = "<group>"; };
		402E81E51CFC9AE6008A4837 /* Info.plist */ = {isa = PBXFileReference; lastKnownFileType = text.plist.xml; path = Info.plist; sourceTree = "<group>"; };
		402E81EA1CFC9AE6008A4837 /* swiftPracticeUITests.xctest */ = {isa = PBXFileReference; explicitFileType = wrapper.cfbundle; includeInIndex = 0; path = swiftPracticeUITests.xctest; sourceTree = BUILT_PRODUCTS_DIR; };
		402E81EE1CFC9AE6008A4837 /* swiftPracticeUITests.swift */ = {isa = PBXFileReference; lastKnownFileType = sourcecode.swift; path = swiftPracticeUITests.swift; sourceTree = "<group>"; };
		402E81F01CFC9AE6008A4837 /* Info.plist */ = {isa = PBXFileReference; lastKnownFileType = text.plist.xml; path = Info.plist; sourceTree = "<group>"; };
/* End PBXFileReference section */

/* Begin PBXFrameworksBuildPhase section */
		402E81C61CFC9AE5008A4837 /* Frameworks */ = {
			isa = PBXFrameworksBuildPhase;
			buildActionMask = 2147483647;
			files = (
			);
			runOnlyForDeploymentPostprocessing = 0;
		};
		402E81DC1CFC9AE6008A4837 /* Frameworks */ = {
			isa = PBXFrameworksBuildPhase;
			buildActionMask = 2147483647;
			files = (
			);
			runOnlyForDeploymentPostprocessing = 0;
		};
		402E81E71CFC9AE6008A4837 /* Frameworks */ = {
			isa = PBXFrameworksBuildPhase;
			buildActionMask = 2147483647;
			files = (
			);
			runOnlyForDeploymentPostprocessing = 0;
		};
/* End PBXFrameworksBuildPhase section */

/* Begin PBXGroup section */
		402E81C01CFC9AE5008A4837 = {
			isa = PBXGroup;
			children = (
				402E81CB1CFC9AE5008A4837 /* swiftPractice */,
				402E81E21CFC9AE6008A4837 /* swiftPracticeTests */,
				402E81ED1CFC9AE6008A4837 /* swiftPracticeUITests */,
				402E81CA1CFC9AE5008A4837 /* Products */,
			);
			sourceTree = "<group>";
		};
		402E81CA1CFC9AE5008A4837 /* Products */ = {
			isa = PBXGroup;
			children = (
				402E81C91CFC9AE5008A4837 /* swiftPractice.app */,
				402E81DF1CFC9AE6008A4837 /* swiftPracticeTests.xctest */,
				402E81EA1CFC9AE6008A4837 /* swiftPracticeUITests.xctest */,
			);
			name = Products;
			sourceTree = "<group>";
		};
		402E81CB1CFC9AE5008A4837 /* swiftPractice */ = {
			isa = PBXGroup;
			children = (
				402E81CC1CFC9AE5008A4837 /* AppDelegate.swift */,
				402E81CE1CFC9AE5008A4837 /* MasterViewController.swift */,
				402E81D01CFC9AE5008A4837 /* DetailViewController.swift */,
				402E81D21CFC9AE6008A4837 /* Main.storyboard */,
				402E81D51CFC9AE6008A4837 /* Assets.xcassets */,
				402E81D71CFC9AE6008A4837 /* LaunchScreen.storyboard */,
				402E81DA1CFC9AE6008A4837 /* Info.plist */,
			);
			path = swiftPractice;
			sourceTree = "<group>";
		};
		402E81E21CFC9AE6008A4837 /* swiftPracticeTests */ = {
			isa = PBXGroup;
			children = (
				402E81E31CFC9AE6008A4837 /* swiftPracticeTests.swift */,
				402E81E51CFC9AE6008A4837 /* Info.plist */,
			);
			path = swiftPracticeTests;
			sourceTree = "<group>";
		};
		402E81ED1CFC9AE6008A4837 /* swiftPracticeUITests */ = {
			isa = PBXGroup;
			children = (
				402E81EE1CFC9AE6008A4837 /* swiftPracticeUITests.swift */,
				402E81F01CFC9AE6008A4837 /* Info.plist */,
			);
			path = swiftPracticeUITests;
			sourceTree = "<group>";
		};
/* End PBXGroup section */

/* Begin PBXNativeTarget section */
		402E81C81CFC9AE5008A4837 /* swiftPractice */ = {
			isa = PBXNativeTarget;
			buildConfigurationList = 402E81F31CFC9AE6008A4837 /* Build configuration list for PBXNativeTarget "swiftPractice" */;
			buildPhases = (
				402E81C51CFC9AE5008A4837 /* Sources */,
				402E81C61CFC9AE5008A4837 /* Frameworks */,
				402E81C71CFC9AE5008A4837 /* Resources */,
			);
			buildRules = (
			);
			dependencies = (
			);
			name = swiftPractice;
			productName = swiftPractice;
			productReference = 402E81C91CFC9AE5008A4837 /* swiftPractice.app */;
			productType = "com.apple.product-type.application";
		};
		402E81DE1CFC9AE6008A4837 /* swiftPracticeTests */ = {
			isa = PBXNativeTarget;
			buildConfigurationList = 402E81F61CFC9AE6008A4837 /* Build configuration list for PBXNativeTarget "swiftPracticeTests" */;
			buildPhases = (
				402E81DB1CFC9AE6008A4837 /* Sources */,
				402E81DC1CFC9AE6008A4837 /* Frameworks */,
				402E81DD1CFC9AE6008A4837 /* Resources */,
			);
			buildRules = (
			);
			dependencies = (
				402E81E11CFC9AE6008A4837 /* PBXTargetDependency */,
			);
			name = swiftPracticeTests;
			productName = swiftPracticeTests;
			productReference = 402E81DF1CFC9AE6008A4837 /* swiftPracticeTests.xctest */;
			productType = "com.apple.product-type.bundle.unit-test";
		};
		402E81E91CFC9AE6008A4837 /* swiftPracticeUITests */ = {
			isa = PBXNativeTarget;
			buildConfigurationList = 402E81F91CFC9AE6008A4837 /* Build configuration list for PBXNativeTarget "swiftPracticeUITests" */;
			buildPhases = (
				402E81E61CFC9AE6008A4837 /* Sources */,
				402E81E71CFC9AE6008A4837 /* Frameworks */,
				402E81E81CFC9AE6008A4837 /* Resources */,
			);
			buildRules = (
			);
			dependencies = (
				402E81EC1CFC9AE6008A4837 /* PBXTargetDependency */,
			);
			name = swiftPracticeUITests;
			productName = swiftPracticeUITests;
			productReference = 402E81EA1CFC9AE6008A4837 /* swiftPracticeUITests.xctest */;
			productType = "com.apple.product-type.bundle.ui-testing";
		};
/* End PBXNativeTarget section */

/* Begin PBXProject section */
		402E81C11CFC9AE5008A4837 /* Project object */ = {
			isa = PBXProject;
			attributes = {
				LastSwiftUpdateCheck = 0730;
				LastUpgradeCheck = 0730;
				ORGANIZATIONNAME = "Vincent Nguyen";
				TargetAttributes = {
					402E81C81CFC9AE5008A4837 = {
						CreatedOnToolsVersion = 7.3.1;
					};
					402E81DE1CFC9AE6008A4837 = {
						CreatedOnToolsVersion = 7.3.1;
						TestTargetID = 402E81C81CFC9AE5008A4837;
					};
					402E81E91CFC9AE6008A4837 = {
						CreatedOnToolsVersion = 7.3.1;
						TestTargetID = 402E81C81CFC9AE5008A4837;
					};
				};
			};
			buildConfigurationList = 402E81C41CFC9AE5008A4837 /* Build configuration list for PBXProject "swiftPractice" */;
			compatibilityVersion = "Xcode 3.2";
			developmentRegion = English;
			hasScannedForEncodings = 0;
			knownRegions = (
				en,
				Base,
			);
			mainGroup = 402E81C01CFC9AE5008A4837;
			productRefGroup = 402E81CA1CFC9AE5008A4837 /* Products */;
			projectDirPath = "";
			projectRoot = "";
			targets = (
				402E81C81CFC9AE5008A4837 /* swiftPractice */,
				402E81DE1CFC9AE6008A4837 /* swiftPracticeTests */,
				402E81E91CFC9AE6008A4837 /* swiftPracticeUITests */,
			);
		};
/* End PBXProject section */

/* Begin PBXResourcesBuildPhase section */
		402E81C71CFC9AE5008A4837 /* Resources */ = {
			isa = PBXResourcesBuildPhase;
			buildActionMask = 2147483647;
			files = (
				402E81D91CFC9AE6008A4837 /* LaunchScreen.storyboard in Resources */,
				402E81D61CFC9AE6008A4837 /* Assets.xcassets in Resources */,
				402E81D41CFC9AE6008A4837 /* Main.storyboard in Resources */,
			);
			runOnlyForDeploymentPostprocessing = 0;
		};
		402E81DD1CFC9AE6008A4837 /* Resources */ = {
			isa = PBXResourcesBuildPhase;
			buildActionMask = 2147483647;
			files = (
			);
			runOnlyForDeploymentPostprocessing = 0;
		};
		402E81E81CFC9AE6008A4837 /* Resources */ = {
			isa = PBXResourcesBuildPhase;
			buildActionMask = 2147483647;
			files = (
			);
			runOnlyForDeploymentPostprocessing = 0;
		};
/* End PBXResourcesBuildPhase section */

/* Begin PBXSourcesBuildPhase section */
		402E81C51CFC9AE5008A4837 /* Sources */ = {
			isa = PBXSourcesBuildPhase;
			buildActionMask = 2147483647;
			files = (
				402E81D11CFC9AE5008A4837 /* DetailViewController.swift in Sources */,
				402E81CF1CFC9AE5008A4837 /* MasterViewController.swift in Sources */,
				402E81CD1CFC9AE5008A4837 /* AppDelegate.swift in Sources */,
			);
			runOnlyForDeploymentPostprocessing = 0;
		};
		402E81DB1CFC9AE6008A4837 /* Sources */ = {
			isa = PBXSourcesBuildPhase;
			buildActionMask = 2147483647;
			files = (
				402E81E41CFC9AE6008A4837 /* swiftPracticeTests.swift in Sources */,
			);
			runOnlyForDeploymentPostprocessing = 0;
		};
		402E81E61CFC9AE6008A4837 /* Sources */ = {
			isa = PBXSourcesBuildPhase;
			buildActionMask = 2147483647;
			files = (
				402E81EF1CFC9AE6008A4837 /* swiftPracticeUITests.swift in Sources */,
			);
			runOnlyForDeploymentPostprocessing = 0;
		};
/* End PBXSourcesBuildPhase section */

/* Begin PBXTargetDependency section */
		402E81E11CFC9AE6008A4837 /* PBXTargetDependency */ = {
			isa = PBXTargetDependency;
			target = 402E81C81CFC9AE5008A4837 /* swiftPractice */;
			targetProxy = 402E81E01CFC9AE6008A4837 /* PBXContainerItemProxy */;
		};
		402E81EC1CFC9AE6008A4837 /* PBXTargetDependency */ = {
			isa = PBXTargetDependency;
			target = 402E81C81CFC9AE5008A4837 /* swiftPractice */;
			targetProxy = 402E81EB1CFC9AE6008A4837 /* PBXContainerItemProxy */;
		};
/* End PBXTargetDependency section */

/* Begin PBXVariantGroup section */
		402E81D21CFC9AE6008A4837 /* Main.storyboard */ = {
			isa = PBXVariantGroup;
			children = (
				402E81D31CFC9AE6008A4837 /* Base */,
			);
			name = Main.storyboard;
			sourceTree = "<group>";
		};
		402E81D71CFC9AE6008A4837 /* LaunchScreen.storyboard */ = {
			isa = PBXVariantGroup;
			children = (
				402E81D81CFC9AE6008A4837 /* Base */,
			);
			name = LaunchScreen.storyboard;
			sourceTree = "<group>";
		};
/* End PBXVariantGroup section */

/* Begin XCBuildConfiguration section */
		402E81F11CFC9AE6008A4837 /* Debug */ = {
			isa = XCBuildConfiguration;
			buildSettings = {
				ALWAYS_SEARCH_USER_PATHS = NO;
				CLANG_ANALYZER_NONNULL = YES;
				CLANG_CXX_LANGUAGE_STANDARD = "gnu++0x";
				CLANG_CXX_LIBRARY = "libc++";
				CLANG_ENABLE_MODULES = YES;
				CLANG_ENABLE_OBJC_ARC = YES;
				CLANG_WARN_BOOL_CONVERSION = YES;
				CLANG_WARN_CONSTANT_CONVERSION = YES;
				CLANG_WARN_DIRECT_OBJC_ISA_USAGE = YES_ERROR;
				CLANG_WARN_EMPTY_BODY = YES;
				CLANG_WARN_ENUM_CONVERSION = YES;
				CLANG_WARN_INT_CONVERSION = YES;
				CLANG_WARN_OBJC_ROOT_CLASS = YES_ERROR;
				CLANG_WARN_UNREACHABLE_CODE = YES;
				CLANG_WARN__DUPLICATE_METHOD_MATCH = YES;
				"CODE_SIGN_IDENTITY[sdk=iphoneos*]" = "iPhone Developer";
				COPY_PHASE_STRIP = NO;
				DEBUG_INFORMATION_FORMAT = dwarf;
				ENABLE_STRICT_OBJC_MSGSEND = YES;
				ENABLE_TESTABILITY = YES;
				GCC_C_LANGUAGE_STANDARD = gnu99;
				GCC_DYNAMIC_NO_PIC = NO;
				GCC_NO_COMMON_BLOCKS = YES;
				GCC_OPTIMIZATION_LEVEL = 0;
				GCC_PREPROCESSOR_DEFINITIONS = (
					"DEBUG=1",
					"$(inherited)",
				);
				GCC_WARN_64_TO_32_BIT_CONVERSION = YES;
				GCC_WARN_ABOUT_RETURN_TYPE = YES_ERROR;
				GCC_WARN_UNDECLARED_SELECTOR = YES;
				GCC_WARN_UNINITIALIZED_AUTOS = YES_AGGRESSIVE;
				GCC_WARN_UNUSED_FUNCTION = YES;
				GCC_WARN_UNUSED_VARIABLE = YES;
				IPHONEOS_DEPLOYMENT_TARGET = 9.3;
				MTL_ENABLE_DEBUG_INFO = YES;
				ONLY_ACTIVE_ARCH = YES;
				SDKROOT = iphoneos;
				SWIFT_OPTIMIZATION_LEVEL = "-Onone";
				TARGETED_DEVICE_FAMILY = "1,2";
			};
			name = Debug;
		};
		402E81F21CFC9AE6008A4837 /* Release */ = {
			isa = XCBuildConfiguration;
			buildSettings = {
				ALWAYS_SEARCH_USER_PATHS = NO;
				CLANG_ANALYZER_NONNULL = YES;
				CLANG_CXX_LANGUAGE_STANDARD = "gnu++0x";
				CLANG_CXX_LIBRARY = "libc++";
				CLANG_ENABLE_MODULES = YES;
				CLANG_ENABLE_OBJC_ARC = YES;
				CLANG_WARN_BOOL_CONVERSION = YES;
				CLANG_WARN_CONSTANT_CONVERSION = YES;
				CLANG_WARN_DIRECT_OBJC_ISA_USAGE = YES_ERROR;
				CLANG_WARN_EMPTY_BODY = YES;
				CLANG_WARN_ENUM_CONVERSION = YES;
				CLANG_WARN_INT_CONVERSION = YES;
				CLANG_WARN_OBJC_ROOT_CLASS = YES_ERROR;
				CLANG_WARN_UNREACHABLE_CODE = YES;
				CLANG_WARN__DUPLICATE_METHOD_MATCH = YES;
				"CODE_SIGN_IDENTITY[sdk=iphoneos*]" = "iPhone Developer";
				COPY_PHASE_STRIP = NO;
				DEBUG_INFORMATION_FORMAT = "dwarf-with-dsym";
				ENABLE_NS_ASSERTIONS = NO;
				ENABLE_STRICT_OBJC_MSGSEND = YES;
				GCC_C_LANGUAGE_STANDARD = gnu99;
				GCC_NO_COMMON_BLOCKS = YES;
				GCC_WARN_64_TO_32_BIT_CONVERSION = YES;
				GCC_WARN_ABOUT_RETURN_TYPE = YES_ERROR;
				GCC_WARN_UNDECLARED_SELECTOR = YES;
				GCC_WARN_UNINITIALIZED_AUTOS = YES_AGGRESSIVE;
				GCC_WARN_UNUSED_FUNCTION = YES;
				GCC_WARN_UNUSED_VARIABLE = YES;
				IPHONEOS_DEPLOYMENT_TARGET = 9.3;
				MTL_ENABLE_DEBUG_INFO = NO;
				SDKROOT = iphoneos;
				TARGETED_DEVICE_FAMILY = "1,2";
				VALIDATE_PRODUCT = YES;
			};
			name = Release;
		};
		402E81F41CFC9AE6008A4837 /* Debug */ = {
			isa = XCBuildConfiguration;
			buildSettings = {
				ASSETCATALOG_COMPILER_APPICON_NAME = AppIcon;
				INFOPLIST_FILE = swiftPractice/Info.plist;
				LD_RUNPATH_SEARCH_PATHS = "$(inherited) @executable_path/Frameworks";
				PRODUCT_BUNDLE_IDENTIFIER = vietcentNguyen.swiftPractice;
				PRODUCT_NAME = "$(TARGET_NAME)";
			};
			name = Debug;
		};
		402E81F51CFC9AE6008A4837 /* Release */ = {
			isa = XCBuildConfiguration;
			buildSettings = {
				ASSETCATALOG_COMPILER_APPICON_NAME = AppIcon;
				INFOPLIST_FILE = swiftPractice/Info.plist;
				LD_RUNPATH_SEARCH_PATHS = "$(inherited) @executable_path/Frameworks";
				PRODUCT_BUNDLE_IDENTIFIER = vietcentNguyen.swiftPractice;
				PRODUCT_NAME = "$(TARGET_NAME)";
			};
			name = Release;
		};
		402E81F71CFC9AE6008A4837 /* Debug */ = {
			isa = XCBuildConfiguration;
			buildSettings = {
				BUNDLE_LOADER = "$(TEST_HOST)";
				INFOPLIST_FILE = swiftPracticeTests/Info.plist;
				LD_RUNPATH_SEARCH_PATHS = "$(inherited) @executable_path/Frameworks @loader_path/Frameworks";
				PRODUCT_BUNDLE_IDENTIFIER = vietcentNguyen.swiftPracticeTests;
				PRODUCT_NAME = "$(TARGET_NAME)";
				TEST_HOST = "$(BUILT_PRODUCTS_DIR)/swiftPractice.app/swiftPractice";
			};
			name = Debug;
		};
		402E81F81CFC9AE6008A4837 /* Release */ = {
			isa = XCBuildConfiguration;
			buildSettings = {
				BUNDLE_LOADER = "$(TEST_HOST)";
				INFOPLIST_FILE = swiftPracticeTests/Info.plist;
				LD_RUNPATH_SEARCH_PATHS = "$(inherited) @executable_path/Frameworks @loader_path/Frameworks";
				PRODUCT_BUNDLE_IDENTIFIER = vietcentNguyen.swiftPracticeTests;
				PRODUCT_NAME = "$(TARGET_NAME)";
				TEST_HOST = "$(BUILT_PRODUCTS_DIR)/swiftPractice.app/swiftPractice";
			};
			name = Release;
		};
		402E81FA1CFC9AE6008A4837 /* Debug */ = {
			isa = XCBuildConfiguration;
			buildSettings = {
				INFOPLIST_FILE = swiftPracticeUITests/Info.plist;
				LD_RUNPATH_SEARCH_PATHS = "$(inherited) @executable_path/Frameworks @loader_path/Frameworks";
				PRODUCT_BUNDLE_IDENTIFIER = vietcentNguyen.swiftPracticeUITests;
				PRODUCT_NAME = "$(TARGET_NAME)";
				TEST_TARGET_NAME = swiftPractice;
			};
			name = Debug;
		};
		402E81FB1CFC9AE6008A4837 /* Release */ = {
			isa = XCBuildConfiguration;
			buildSettings = {
				INFOPLIST_FILE = swiftPracticeUITests/Info.plist;
				LD_RUNPATH_SEARCH_PATHS = "$(inherited) @executable_path/Frameworks @loader_path/Frameworks";
				PRODUCT_BUNDLE_IDENTIFIER = vietcentNguyen.swiftPracticeUITests;
				PRODUCT_NAME = "$(TARGET_NAME)";
				TEST_TARGET_NAME = swiftPractice;
			};
			name = Release;
		};
/* End XCBuildConfiguration section */

/* Begin XCConfigurationList section */
		402E81C41CFC9AE5008A4837 /* Build configuration list for PBXProject "swiftPractice" */ = {
			isa = XCConfigurationList;
			buildConfigurations = (
				402E81F11CFC9AE6008A4837 /* Debug */,
				402E81F21CFC9AE6008A4837 /* Release */,
			);
			defaultConfigurationIsVisible = 0;
			defaultConfigurationName = Release;
		};
		402E81F31CFC9AE6008A4837 /* Build configuration list for PBXNativeTarget "swiftPractice" */ = {
			isa = XCConfigurationList;
			buildConfigurations = (
				402E81F41CFC9AE6008A4837 /* Debug */,
				402E81F51CFC9AE6008A4837 /* Release */,
			);
			defaultConfigurationIsVisible = 0;
		};
		402E81F61CFC9AE6008A4837 /* Build configuration list for PBXNativeTarget "swiftPracticeTests" */ = {
			isa = XCConfigurationList;
			buildConfigurations = (
				402E81F71CFC9AE6008A4837 /* Debug */,
				402E81F81CFC9AE6008A4837 /* Release */,
			);
			defaultConfigurationIsVisible = 0;
		};
		402E81F91CFC9AE6008A4837 /* Build configuration list for PBXNativeTarget "swiftPracticeUITests" */ = {
			isa = XCConfigurationList;
			buildConfigurations = (
				402E81FA1CFC9AE6008A4837 /* Debug */,
				402E81FB1CFC9AE6008A4837 /* Release */,
			);
			defaultConfigurationIsVisible = 0;
		};
/* End XCConfigurationList section */
	};
	rootObject = 402E81C11CFC9AE5008A4837 /* Project object */;
}
